
Microsoft Visual Studio Solution File, Format Version 12.00
# Visual Studio Version 16
VisualStudioVersion = 16.0.34407.143
MinimumVisualStudioVersion = 10.0.40219.1
Project("{8BC9CEB8-8B4A-11D0-8D11-00A0C91BC942}") = "Drawcli_test1", "Drawcli_test1\Drawcli_test1.vcxproj", "{4DB21664-9108-4FD9-9386-174C08B5D020}"
EndProject
Global
	GlobalSection(SolutionConfigurationPlatforms) = preSolution
		Debug|x64 = Debug|x64
		Debug|x86 = Debug|x86
		Release|x64 = Release|x64
		Release|x86 = Release|x86
	EndGlobalSection
	GlobalSection(ProjectConfigurationPlatforms) = postSolution
		{4DB21664-9108-4FD9-9386-174C08B5D020}.Debug|x64.ActiveCfg = Debug|x64
		{4DB21664-9108-4FD9-9386-174C08B5D020}.Debug|x64.Build.0 = Debug|x64
		{4DB21664-9108-4FD9-9386-174C08B5D020}.Debug|x86.ActiveCfg = Debug|Win32
		{4DB21664-9108-4FD9-9386-174C08B5D020}.Debug|x86.Build.0 = Debug|Win32
		{4DB21664-9108-4FD9-9386-174C08B5D020}.Release|x64.ActiveCfg = Release|x64
		{4DB21664-9108-4FD9-9386-174C08B5D020}.Release|x64.Build.0 = Release|x64
		{4DB21664-9108-4FD9-9386-174C08B5D020}.Release|x86.ActiveCfg = Release|Win32
		{4DB21664-9108-4FD9-9386-174C08B5D020}.Release|x86.Build.0 = Release|Win32
	EndGlobalSection
	GlobalSection(SolutionProperties) = preSolution
		HideSolutionNode = FALSE
	EndGlobalSection
	GlobalSection(ExtensibilityGlobals) = postSolution
		SolutionGuid = {F5C3D0FE-B42B-4978-A078-D802BF32C675}
	EndGlobalSection
EndGlobal
